
Microsoft Visual Studio Solution File, Format Version 12.00
# Visual Studio Express 2013 for Windows Desktop
VisualStudioVersion = 12.0.30723.0
MinimumVisualStudioVersion = 10.0.40219.1
Project("{FAE04EC0-301F-11D3-BF4B-00C04F79EFBC}") = "MainApp", "MainApp\MainApp.csproj", "{732C58A8-0956-46F3-A879-37C6CBE912CD}"
EndProject
Project("{FAE04EC0-301F-11D3-BF4B-00C04F79EFBC}") = "Lib1", "Lib1\Lib1.csproj", "{2C199CD8-E3DD-4B19-8197-2288E2688EF3}"
EndProject
Project("{FAE04EC0-301F-11D3-BF4B-00C04F79EFBC}") = "Lib1Tests", "Lib1Tests\Lib1Tests.csproj", "{2A9743E3-28BE-477B-BD44-B0B03D16C81B}"
EndProject
Global
	GlobalSection(SolutionConfigurationPlatforms) = preSolution
		Debug|Any CPU = Debug|Any CPU
		Release|Any CPU = Release|Any CPU
	EndGlobalSection
	GlobalSection(ProjectConfigurationPlatforms) = postSolution
		{732C58A8-0956-46F3-A879-37C6CBE912CD}.Debug|Any CPU.ActiveCfg = Debug|Any CPU
		{732C58A8-0956-46F3-A879-37C6CBE912CD}.Debug|Any CPU.Build.0 = Debug|Any CPU
		{732C58A8-0956-46F3-A879-37C6CBE912CD}.Release|Any CPU.ActiveCfg = Release|Any CPU
		{732C58A8-0956-46F3-A879-37C6CBE912CD}.Release|Any CPU.Build.0 = Release|Any CPU
		{2C199CD8-E3DD-4B19-8197-2288E2688EF3}.Debug|Any CPU.ActiveCfg = Debug|Any CPU
		{2C199CD8-E3DD-4B19-8197-2288E2688EF3}.Debug|Any CPU.Build.0 = Debug|Any CPU
		{2C199CD8-E3DD-4B19-8197-2288E2688EF3}.Release|Any CPU.ActiveCfg = Release|Any CPU
		{2C199CD8-E3DD-4B19-8197-2288E2688EF3}.Release|Any CPU.Build.0 = Release|Any CPU
		{2A9743E3-28BE-477B-BD44-B0B03D16C81B}.Debug|Any CPU.ActiveCfg = Debug|Any CPU
		{2A9743E3-28BE-477B-BD44-B0B03D16C81B}.Debug|Any CPU.Build.0 = Debug|Any CPU
		{2A9743E3-28BE-477B-BD44-B0B03D16C81B}.Release|Any CPU.ActiveCfg = Release|Any CPU
		{2A9743E3-28BE-477B-BD44-B0B03D16C81B}.Release|Any CPU.Build.0 = Release|Any CPU
	EndGlobalSection
	GlobalSection(SolutionProperties) = preSolution
		HideSolutionNode = FALSE
	EndGlobalSection
EndGlobal
